
Microsoft Visual Studio Solution File, Format Version 12.00
# Visual Studio Version 17
VisualStudioVersion = 17.13.35931.197 d17.13
MinimumVisualStudioVersion = 10.0.40219.1
Project("{FAE04EC0-301F-11D3-BF4B-00C04F79EFBC}") = "PROG7311_POE-Part2_ST10257863", "PROG7311_POE-Part2_ST10257863.csproj", "{18DC0BFE-32D6-4332-8AED-71D22091EAD9}"
EndProject
Global
	GlobalSection(SolutionConfigurationPlatforms) = preSolution
		Debug|Any CPU = Debug|Any CPU
		Release|Any CPU = Release|Any CPU
	EndGlobalSection
	GlobalSection(ProjectConfigurationPlatforms) = postSolution
		{18DC0BFE-32D6-4332-8AED-71D22091EAD9}.Debug|Any CPU.ActiveCfg = Debug|Any CPU
		{18DC0BFE-32D6-4332-8AED-71D22091EAD9}.Debug|Any CPU.Build.0 = Debug|Any CPU
		{18DC0BFE-32D6-4332-8AED-71D22091EAD9}.Release|Any CPU.ActiveCfg = Release|Any CPU
		{18DC0BFE-32D6-4332-8AED-71D22091EAD9}.Release|Any CPU.Build.0 = Release|Any CPU
	EndGlobalSection
	GlobalSection(SolutionProperties) = preSolution
		HideSolutionNode = FALSE
	EndGlobalSection
	GlobalSection(ExtensibilityGlobals) = postSolution
		SolutionGuid = {2E98DE11-9896-4ED3-951B-FC23B339706B}
	EndGlobalSection
EndGlobal
